
Microsoft Visual Studio Solution File, Format Version 12.00
# Visual Studio Version 16
VisualStudioVersion = 16.0.30503.244
MinimumVisualStudioVersion = 10.0.40219.1
Project("{8BC9CEB8-8B4A-11D0-8D11-00A0C91BC942}") = "Space", "Space\Space.vcxproj", "{74A37062-95EA-4368-B442-F7F770091024}"
EndProject
Global
	GlobalSection(SolutionConfigurationPlatforms) = preSolution
		Debug|x64 = Debug|x64
		Debug|x86 = Debug|x86
		Release|x64 = Release|x64
		Release|x86 = Release|x86
	EndGlobalSection
	GlobalSection(ProjectConfigurationPlatforms) = postSolution
		{74A37062-95EA-4368-B442-F7F770091024}.Debug|x64.ActiveCfg = Debug|x64
		{74A37062-95EA-4368-B442-F7F770091024}.Debug|x64.Build.0 = Debug|x64
		{74A37062-95EA-4368-B442-F7F770091024}.Debug|x86.ActiveCfg = Debug|Win32
		{74A37062-95EA-4368-B442-F7F770091024}.Debug|x86.Build.0 = Debug|Win32
		{74A37062-95EA-4368-B442-F7F770091024}.Release|x64.ActiveCfg = Release|x64
		{74A37062-95EA-4368-B442-F7F770091024}.Release|x64.Build.0 = Release|x64
		{74A37062-95EA-4368-B442-F7F770091024}.Release|x86.ActiveCfg = Release|Win32
		{74A37062-95EA-4368-B442-F7F770091024}.Release|x86.Build.0 = Release|Win32
	EndGlobalSection
	GlobalSection(SolutionProperties) = preSolution
		HideSolutionNode = FALSE
	EndGlobalSection
	GlobalSection(ExtensibilityGlobals) = postSolution
		SolutionGuid = {B83724A6-F3D8-432C-ACAC-2E917960A744}
	EndGlobalSection
EndGlobal
